
Microsoft Visual Studio Solution File, Format Version 12.00
# Visual Studio Version 17
VisualStudioVersion = 17.4.33122.133
MinimumVisualStudioVersion = 10.0.40219.1
Project("{D954291E-2A0B-460D-934E-DC6B0785DB48}") = "UnturnedModules", "UnturnedModules\UnturnedModules.shproj", "{10FCE93F-481C-40AB-9E43-AC01A7749E6C}"
EndProject
Project("{D954291E-2A0B-460D-934E-DC6B0785DB48}") = "OpenModModules", "OpenModModules\OpenModModules.shproj", "{89A7FDFF-AA17-42AD-8AFB-E67BE1E18A66}"
EndProject
Project("{D954291E-2A0B-460D-934E-DC6B0785DB48}") = "RocketModModules", "RocketModModules\RocketModModules.shproj", "{39C1AB64-E2E2-40F4-B406-24961D1370F1}"
EndProject
Global
	GlobalSection(SolutionConfigurationPlatforms) = preSolution
		OpenMod|Any CPU = OpenMod|Any CPU
		RocketMod|Any CPU = RocketMod|Any CPU
	EndGlobalSection
	GlobalSection(SolutionProperties) = preSolution
		HideSolutionNode = FALSE
	EndGlobalSection
	GlobalSection(ExtensibilityGlobals) = postSolution
		SolutionGuid = {DB25E13C-FDA2-4E78-81F0-D2B16035C8D5}
	EndGlobalSection
	GlobalSection(SharedMSBuildProjectFiles) = preSolution
		UnturnedModules\UnturnedModules.projitems*{10fce93f-481c-40ab-9e43-ac01a7749e6c}*SharedItemsImports = 13
		RocketModModules\RocketModModules.projitems*{39c1ab64-e2e2-40f4-b406-24961d1370f1}*SharedItemsImports = 13
		OpenModModules\OpenModModules.projitems*{89a7fdff-aa17-42ad-8afb-e67be1e18a66}*SharedItemsImports = 13
	EndGlobalSection
EndGlobal
